
Microsoft Visual Studio Solution File, Format Version 12.00
# Visual Studio Version 16
VisualStudioVersion = 16.0.32228.343
MinimumVisualStudioVersion = 10.0.40219.1
Project("{FAE04EC0-301F-11D3-BF4B-00C04F79EFBC}") = "Interface", "Interface\Interface.csproj", "{7536F538-025E-4EC9-B7D5-61DDF2F10D15}"
EndProject
Global
	GlobalSection(SolutionConfigurationPlatforms) = preSolution
		Debug|Any CPU = Debug|Any CPU
		Release|Any CPU = Release|Any CPU
	EndGlobalSection
	GlobalSection(ProjectConfigurationPlatforms) = postSolution
		{7536F538-025E-4EC9-B7D5-61DDF2F10D15}.Debug|Any CPU.ActiveCfg = Debug|Any CPU
		{7536F538-025E-4EC9-B7D5-61DDF2F10D15}.Debug|Any CPU.Build.0 = Debug|Any CPU
		{7536F538-025E-4EC9-B7D5-61DDF2F10D15}.Release|Any CPU.ActiveCfg = Release|Any CPU
		{7536F538-025E-4EC9-B7D5-61DDF2F10D15}.Release|Any CPU.Build.0 = Release|Any CPU
	EndGlobalSection
	GlobalSection(SolutionProperties) = preSolution
		HideSolutionNode = FALSE
	EndGlobalSection
	GlobalSection(ExtensibilityGlobals) = postSolution
		SolutionGuid = {413ED272-CC95-4E39-9FC5-FE5D0D2A334E}
	EndGlobalSection
EndGlobal
